
Microsoft Visual Studio Solution File, Format Version 12.00
# Visual Studio 15
VisualStudioVersion = 15.0.28307.572
MinimumVisualStudioVersion = 10.0.40219.1
Project("{FAE04EC0-301F-11D3-BF4B-00C04F79EFBC}") = "SharpNGDP", "SharpNGDP\SharpNGDP.csproj", "{B74615DE-E9F7-42E1-BA9F-49A1B0840CA4}"
EndProject
Project("{9A19103F-16F7-4668-BE54-9A1E7A4F7556}") = "SharpNGDP-CLI", "SharpNGDP-CLI\SharpNGDP-CLI.csproj", "{EA839EDF-2F53-4E1D-A414-F12F070074C6}"
EndProject
Global
	GlobalSection(SolutionConfigurationPlatforms) = preSolution
		Debug|Any CPU = Debug|Any CPU
		Release|Any CPU = Release|Any CPU
	EndGlobalSection
	GlobalSection(ProjectConfigurationPlatforms) = postSolution
		{B74615DE-E9F7-42E1-BA9F-49A1B0840CA4}.Debug|Any CPU.ActiveCfg = Debug|Any CPU
		{B74615DE-E9F7-42E1-BA9F-49A1B0840CA4}.Debug|Any CPU.Build.0 = Debug|Any CPU
		{B74615DE-E9F7-42E1-BA9F-49A1B0840CA4}.Release|Any CPU.ActiveCfg = Release|Any CPU
		{B74615DE-E9F7-42E1-BA9F-49A1B0840CA4}.Release|Any CPU.Build.0 = Release|Any CPU
		{EA839EDF-2F53-4E1D-A414-F12F070074C6}.Debug|Any CPU.ActiveCfg = Debug|Any CPU
		{EA839EDF-2F53-4E1D-A414-F12F070074C6}.Debug|Any CPU.Build.0 = Debug|Any CPU
		{EA839EDF-2F53-4E1D-A414-F12F070074C6}.Release|Any CPU.ActiveCfg = Release|Any CPU
		{EA839EDF-2F53-4E1D-A414-F12F070074C6}.Release|Any CPU.Build.0 = Release|Any CPU
	EndGlobalSection
	GlobalSection(SolutionProperties) = preSolution
		HideSolutionNode = FALSE
	EndGlobalSection
	GlobalSection(ExtensibilityGlobals) = postSolution
		SolutionGuid = {778D631B-B3D0-4A9D-A379-441D2E6891CE}
	EndGlobalSection
EndGlobal
